
Microsoft Visual Studio Solution File, Format Version 12.00
# Visual Studio 15
VisualStudioVersion = 15.0.27703.2047
MinimumVisualStudioVersion = 10.0.40219.1
Project("{FAE04EC0-301F-11D3-BF4B-00C04F79EFBC}") = "AspNetVS2017.Capitulo01.Variaveis", "AspNetVS2017.Capitulo01.Variaveis\AspNetVS2017.Capitulo01.Variaveis.csproj", "{80AB29E4-F102-40AD-BFB3-0EFFB062538A}"
EndProject
Project("{FAE04EC0-301F-11D3-BF4B-00C04F79EFBC}") = "AspNetVS2017.Capitulo01.Troco", "AspNetVS2017.Capitulo01.Troco\AspNetVS2017.Capitulo01.Troco.csproj", "{841828E6-6687-4B06-82BF-D5563858E8FB}"
EndProject
Project("{FAE04EC0-301F-11D3-BF4B-00C04F79EFBC}") = "aspNetVS2017.Capitulo01.Frete", "aspNetVS2017.Capitulo01.Frete\aspNetVS2017.Capitulo01.Frete.csproj", "{67A420B4-9C30-462F-8DE9-08A1B7A879C6}"
EndProject
Project("{FAE04EC0-301F-11D3-BF4B-00C04F79EFBC}") = "AspNetVS2017.Capitulo01.Repeticao.Testes", "AspNetVS2017.Capitulo01.Repeticao.Testes\AspNetVS2017.Capitulo01.Repeticao.Testes.csproj", "{7EE8EE30-E189-4576-9754-D8FFBB9431EA}"
EndProject
Project("{FAE04EC0-301F-11D3-BF4B-00C04F79EFBC}") = "AspNetVS2017.Capitulo01.vETOREScOLECOES.Testes", "AspNetVS2017.Capitulo01.vETOREScOLECOES.Testes\AspNetVS2017.Capitulo01.vETOREScOLECOES.Testes.csproj", "{3965A3AE-ED7A-4598-AED3-6E9E2EAAC1BB}"
EndProject
Project("{2150E333-8FDC-42A3-9474-1A3956D46DE8}") = "Oficina", "Oficina", "{BB82835E-066D-49DA-86EF-E923DD556D7F}"
EndProject
Project("{FAE04EC0-301F-11D3-BF4B-00C04F79EFBC}") = "Oficina.Dominio", "Oficina.Dominio\Oficina.Dominio.csproj", "{2CFE3495-FABF-4505-97E8-53C274F9C5D6}"
EndProject
Project("{FAE04EC0-301F-11D3-BF4B-00C04F79EFBC}") = "Oficina.Repositorios.SistemaArquivos", "Oficina.Repositorios\Oficina.Repositorios.SistemaArquivos.csproj", "{0AB14748-CA5C-4079-B76F-BC99A358CCEB}"
EndProject
Project("{FAE04EC0-301F-11D3-BF4B-00C04F79EFBC}") = "Oficina.Repositorios.SistemaArquivosTests", "Oficina.Repositorios.SistemaArquivosTests\Oficina.Repositorios.SistemaArquivosTests.csproj", "{4839137B-34DE-4B51-B7A9-B085CAFE1291}"
EndProject
Project("{FAE04EC0-301F-11D3-BF4B-00C04F79EFBC}") = "Oficina.WebPages", "Oficina.WebPages\Oficina.WebPages.csproj", "{A2DA8930-CCDA-4692-A7AA-CEA81B9DB368}"
EndProject
Project("{FAE04EC0-301F-11D3-BF4B-00C04F79EFBC}") = "AspNetVS2017.Captiulo03.PortFolio", "AspNetVS2017.Captiulo03.PortFolio\AspNetVS2017.Captiulo03.PortFolio.csproj", "{EC70B28E-DD79-4E32-AC97-4122FC4ABEDA}"
EndProject
Project("{2150E333-8FDC-42A3-9474-1A3956D46DE8}") = "Portfolio", "Portfolio", "{B50619B6-E492-401F-84BA-146C60BF7207}"
EndProject
Project("{00D1A9C2-B5F0-4AF3-8072-F6C62B433612}") = "portfolio.DataBase", "portfolio.DataBase\portfolio.DataBase.sqlproj", "{CC8BBE80-9C03-4AB6-B2E4-1F0EB3DA8543}"
EndProject
Project("{2150E333-8FDC-42A3-9474-1A3956D46DE8}") = "ViagensOnLine", "ViagensOnLine", "{ED01C2C7-ACF3-480C-B800-244E4C1708AE}"
EndProject
Project("{FAE04EC0-301F-11D3-BF4B-00C04F79EFBC}") = "ViagensOnline.Dominio", "ViagensOnline.Dominio\ViagensOnline.Dominio.csproj", "{7C4BF3F7-2F89-4AA8-BEE0-B958ADBA6898}"
EndProject
Project("{FAE04EC0-301F-11D3-BF4B-00C04F79EFBC}") = "ViagensOnline.Repositorios.SqlServer", "ViagensOnline.Repositorios.SqlServer\ViagensOnline.Repositorios.SqlServer.csproj", "{632A9CBD-0829-4F49-8445-2BFBEC3FC0F5}"
EndProject
Project("{FAE04EC0-301F-11D3-BF4B-00C04F79EFBC}") = "ViagensOnline.Repositorios.SqlServerTests", "ViagensOnline.Repositorios.SqlServerTests\ViagensOnline.Repositorios.SqlServerTests.csproj", "{62FDB00E-F9D0-4E67-892E-990D46235A0E}"
EndProject
Global
	GlobalSection(SolutionConfigurationPlatforms) = preSolution
		Debug|Any CPU = Debug|Any CPU
		Release|Any CPU = Release|Any CPU
	EndGlobalSection
	GlobalSection(ProjectConfigurationPlatforms) = postSolution
		{80AB29E4-F102-40AD-BFB3-0EFFB062538A}.Debug|Any CPU.ActiveCfg = Debug|Any CPU
		{80AB29E4-F102-40AD-BFB3-0EFFB062538A}.Debug|Any CPU.Build.0 = Debug|Any CPU
		{80AB29E4-F102-40AD-BFB3-0EFFB062538A}.Release|Any CPU.ActiveCfg = Release|Any CPU
		{80AB29E4-F102-40AD-BFB3-0EFFB062538A}.Release|Any CPU.Build.0 = Release|Any CPU
		{841828E6-6687-4B06-82BF-D5563858E8FB}.Debug|Any CPU.ActiveCfg = Debug|Any CPU
		{841828E6-6687-4B06-82BF-D5563858E8FB}.Debug|Any CPU.Build.0 = Debug|Any CPU
		{841828E6-6687-4B06-82BF-D5563858E8FB}.Release|Any CPU.ActiveCfg = Release|Any CPU
		{841828E6-6687-4B06-82BF-D5563858E8FB}.Release|Any CPU.Build.0 = Release|Any CPU
		{67A420B4-9C30-462F-8DE9-08A1B7A879C6}.Debug|Any CPU.ActiveCfg = Debug|Any CPU
		{67A420B4-9C30-462F-8DE9-08A1B7A879C6}.Debug|Any CPU.Build.0 = Debug|Any CPU
		{67A420B4-9C30-462F-8DE9-08A1B7A879C6}.Release|Any CPU.ActiveCfg = Release|Any CPU
		{67A420B4-9C30-462F-8DE9-08A1B7A879C6}.Release|Any CPU.Build.0 = Release|Any CPU
		{7EE8EE30-E189-4576-9754-D8FFBB9431EA}.Debug|Any CPU.ActiveCfg = Debug|Any CPU
		{7EE8EE30-E189-4576-9754-D8FFBB9431EA}.Debug|Any CPU.Build.0 = Debug|Any CPU
		{7EE8EE30-E189-4576-9754-D8FFBB9431EA}.Release|Any CPU.ActiveCfg = Release|Any CPU
		{7EE8EE30-E189-4576-9754-D8FFBB9431EA}.Release|Any CPU.Build.0 = Release|Any CPU
		{3965A3AE-ED7A-4598-AED3-6E9E2EAAC1BB}.Debug|Any CPU.ActiveCfg = Debug|Any CPU
		{3965A3AE-ED7A-4598-AED3-6E9E2EAAC1BB}.Debug|Any CPU.Build.0 = Debug|Any CPU
		{3965A3AE-ED7A-4598-AED3-6E9E2EAAC1BB}.Release|Any CPU.ActiveCfg = Release|Any CPU
		{3965A3AE-ED7A-4598-AED3-6E9E2EAAC1BB}.Release|Any CPU.Build.0 = Release|Any CPU
		{2CFE3495-FABF-4505-97E8-53C274F9C5D6}.Debug|Any CPU.ActiveCfg = Debug|Any CPU
		{2CFE3495-FABF-4505-97E8-53C274F9C5D6}.Debug|Any CPU.Build.0 = Debug|Any CPU
		{2CFE3495-FABF-4505-97E8-53C274F9C5D6}.Release|Any CPU.ActiveCfg = Release|Any CPU
		{2CFE3495-FABF-4505-97E8-53C274F9C5D6}.Release|Any CPU.Build.0 = Release|Any CPU
		{0AB14748-CA5C-4079-B76F-BC99A358CCEB}.Debug|Any CPU.ActiveCfg = Debug|Any CPU
		{0AB14748-CA5C-4079-B76F-BC99A358CCEB}.Debug|Any CPU.Build.0 = Debug|Any CPU
		{0AB14748-CA5C-4079-B76F-BC99A358CCEB}.Release|Any CPU.ActiveCfg = Release|Any CPU
		{0AB14748-CA5C-4079-B76F-BC99A358CCEB}.Release|Any CPU.Build.0 = Release|Any CPU
		{4839137B-34DE-4B51-B7A9-B085CAFE1291}.Debug|Any CPU.ActiveCfg = Debug|Any CPU
		{4839137B-34DE-4B51-B7A9-B085CAFE1291}.Debug|Any CPU.Build.0 = Debug|Any CPU
		{4839137B-34DE-4B51-B7A9-B085CAFE1291}.Release|Any CPU.ActiveCfg = Release|Any CPU
		{4839137B-34DE-4B51-B7A9-B085CAFE1291}.Release|Any CPU.Build.0 = Release|Any CPU
		{A2DA8930-CCDA-4692-A7AA-CEA81B9DB368}.Debug|Any CPU.ActiveCfg = Debug|Any CPU
		{A2DA8930-CCDA-4692-A7AA-CEA81B9DB368}.Debug|Any CPU.Build.0 = Debug|Any CPU
		{A2DA8930-CCDA-4692-A7AA-CEA81B9DB368}.Release|Any CPU.ActiveCfg = Release|Any CPU
		{A2DA8930-CCDA-4692-A7AA-CEA81B9DB368}.Release|Any CPU.Build.0 = Release|Any CPU
		{EC70B28E-DD79-4E32-AC97-4122FC4ABEDA}.Debug|Any CPU.ActiveCfg = Debug|Any CPU
		{EC70B28E-DD79-4E32-AC97-4122FC4ABEDA}.Debug|Any CPU.Build.0 = Debug|Any CPU
		{EC70B28E-DD79-4E32-AC97-4122FC4ABEDA}.Release|Any CPU.ActiveCfg = Release|Any CPU
		{EC70B28E-DD79-4E32-AC97-4122FC4ABEDA}.Release|Any CPU.Build.0 = Release|Any CPU
		{CC8BBE80-9C03-4AB6-B2E4-1F0EB3DA8543}.Debug|Any CPU.ActiveCfg = Debug|Any CPU
		{CC8BBE80-9C03-4AB6-B2E4-1F0EB3DA8543}.Debug|Any CPU.Build.0 = Debug|Any CPU
		{CC8BBE80-9C03-4AB6-B2E4-1F0EB3DA8543}.Debug|Any CPU.Deploy.0 = Debug|Any CPU
		{CC8BBE80-9C03-4AB6-B2E4-1F0EB3DA8543}.Release|Any CPU.ActiveCfg = Release|Any CPU
		{CC8BBE80-9C03-4AB6-B2E4-1F0EB3DA8543}.Release|Any CPU.Build.0 = Release|Any CPU
		{CC8BBE80-9C03-4AB6-B2E4-1F0EB3DA8543}.Release|Any CPU.Deploy.0 = Release|Any CPU
		{7C4BF3F7-2F89-4AA8-BEE0-B958ADBA6898}.Debug|Any CPU.ActiveCfg = Debug|Any CPU
		{7C4BF3F7-2F89-4AA8-BEE0-B958ADBA6898}.Debug|Any CPU.Build.0 = Debug|Any CPU
		{7C4BF3F7-2F89-4AA8-BEE0-B958ADBA6898}.Release|Any CPU.ActiveCfg = Release|Any CPU
		{7C4BF3F7-2F89-4AA8-BEE0-B958ADBA6898}.Release|Any CPU.Build.0 = Release|Any CPU
		{632A9CBD-0829-4F49-8445-2BFBEC3FC0F5}.Debug|Any CPU.ActiveCfg = Debug|Any CPU
		{632A9CBD-0829-4F49-8445-2BFBEC3FC0F5}.Debug|Any CPU.Build.0 = Debug|Any CPU
		{632A9CBD-0829-4F49-8445-2BFBEC3FC0F5}.Release|Any CPU.ActiveCfg = Release|Any CPU
		{632A9CBD-0829-4F49-8445-2BFBEC3FC0F5}.Release|Any CPU.Build.0 = Release|Any CPU
		{62FDB00E-F9D0-4E67-892E-990D46235A0E}.Debug|Any CPU.ActiveCfg = Debug|Any CPU
		{62FDB00E-F9D0-4E67-892E-990D46235A0E}.Debug|Any CPU.Build.0 = Debug|Any CPU
		{62FDB00E-F9D0-4E67-892E-990D46235A0E}.Release|Any CPU.ActiveCfg = Release|Any CPU
		{62FDB00E-F9D0-4E67-892E-990D46235A0E}.Release|Any CPU.Build.0 = Release|Any CPU
	EndGlobalSection
	GlobalSection(SolutionProperties) = preSolution
		HideSolutionNode = FALSE
	EndGlobalSection
	GlobalSection(NestedProjects) = preSolution
		{2CFE3495-FABF-4505-97E8-53C274F9C5D6} = {BB82835E-066D-49DA-86EF-E923DD556D7F}
		{0AB14748-CA5C-4079-B76F-BC99A358CCEB} = {BB82835E-066D-49DA-86EF-E923DD556D7F}
		{4839137B-34DE-4B51-B7A9-B085CAFE1291} = {BB82835E-066D-49DA-86EF-E923DD556D7F}
		{A2DA8930-CCDA-4692-A7AA-CEA81B9DB368} = {BB82835E-066D-49DA-86EF-E923DD556D7F}
		{CC8BBE80-9C03-4AB6-B2E4-1F0EB3DA8543} = {B50619B6-E492-401F-84BA-146C60BF7207}
		{7C4BF3F7-2F89-4AA8-BEE0-B958ADBA6898} = {ED01C2C7-ACF3-480C-B800-244E4C1708AE}
		{632A9CBD-0829-4F49-8445-2BFBEC3FC0F5} = {ED01C2C7-ACF3-480C-B800-244E4C1708AE}
	EndGlobalSection
	GlobalSection(ExtensibilityGlobals) = postSolution
		SolutionGuid = {34C87731-9DD9-49A4-911C-AA311C3E117F}
	EndGlobalSection
EndGlobal
